
Microsoft Visual Studio Solution File, Format Version 12.00
# Visual Studio Version 17
VisualStudioVersion = 17.10.34928.147
MinimumVisualStudioVersion = 10.0.40219.1
Project("{FAE04EC0-301F-11D3-BF4B-00C04F79EFBC}") = "Zadachi", "Zadachi\Zadachi.csproj", "{C9614137-61C2-4C10-93F7-8F496AC67E67}"
EndProject
Global
	GlobalSection(SolutionConfigurationPlatforms) = preSolution
		Debug|Any CPU = Debug|Any CPU
		Release|Any CPU = Release|Any CPU
	EndGlobalSection
	GlobalSection(ProjectConfigurationPlatforms) = postSolution
		{C9614137-61C2-4C10-93F7-8F496AC67E67}.Debug|Any CPU.ActiveCfg = Debug|Any CPU
		{C9614137-61C2-4C10-93F7-8F496AC67E67}.Debug|Any CPU.Build.0 = Debug|Any CPU
		{C9614137-61C2-4C10-93F7-8F496AC67E67}.Release|Any CPU.ActiveCfg = Release|Any CPU
		{C9614137-61C2-4C10-93F7-8F496AC67E67}.Release|Any CPU.Build.0 = Release|Any CPU
	EndGlobalSection
	GlobalSection(SolutionProperties) = preSolution
		HideSolutionNode = FALSE
	EndGlobalSection
	GlobalSection(ExtensibilityGlobals) = postSolution
		SolutionGuid = {42DC451A-CE9D-46B8-BB8E-CC73AB5D217E}
	EndGlobalSection
EndGlobal
